
Microsoft Visual Studio Solution File, Format Version 12.00
# Visual Studio 15
VisualStudioVersion = 15.0.28307.1913
MinimumVisualStudioVersion = 10.0.40219.1
Project("{FAE04EC0-301F-11D3-BF4B-00C04F79EFBC}") = "Server", "Server\Server.csproj", "{7B35D802-062B-41E8-9F5F-6DE2D4B99344}"
EndProject
Project("{FAE04EC0-301F-11D3-BF4B-00C04F79EFBC}") = "Cliente", "Cliente\Cliente.csproj", "{5F10D292-68BE-40AB-9139-87F91A5930BC}"
EndProject
Global
	GlobalSection(SolutionConfigurationPlatforms) = preSolution
		Debug|Any CPU = Debug|Any CPU
		Release|Any CPU = Release|Any CPU
	EndGlobalSection
	GlobalSection(ProjectConfigurationPlatforms) = postSolution
		{7B35D802-062B-41E8-9F5F-6DE2D4B99344}.Debug|Any CPU.ActiveCfg = Debug|Any CPU
		{7B35D802-062B-41E8-9F5F-6DE2D4B99344}.Debug|Any CPU.Build.0 = Debug|Any CPU
		{7B35D802-062B-41E8-9F5F-6DE2D4B99344}.Release|Any CPU.ActiveCfg = Release|Any CPU
		{7B35D802-062B-41E8-9F5F-6DE2D4B99344}.Release|Any CPU.Build.0 = Release|Any CPU
		{5F10D292-68BE-40AB-9139-87F91A5930BC}.Debug|Any CPU.ActiveCfg = Debug|Any CPU
		{5F10D292-68BE-40AB-9139-87F91A5930BC}.Debug|Any CPU.Build.0 = Debug|Any CPU
		{5F10D292-68BE-40AB-9139-87F91A5930BC}.Release|Any CPU.ActiveCfg = Release|Any CPU
		{5F10D292-68BE-40AB-9139-87F91A5930BC}.Release|Any CPU.Build.0 = Release|Any CPU
	EndGlobalSection
	GlobalSection(SolutionProperties) = preSolution
		HideSolutionNode = FALSE
	EndGlobalSection
	GlobalSection(ExtensibilityGlobals) = postSolution
		SolutionGuid = {F378B9E7-6AD5-4C91-81AE-7ABF0B12960E}
	EndGlobalSection
EndGlobal
