
Microsoft Visual Studio Solution File, Format Version 12.00
# Visual Studio Version 17
VisualStudioVersion = 17.5.002.0
MinimumVisualStudioVersion = 10.0.40219.1
Project("{9A19103F-16F7-4668-BE54-9A1E7A4F7556}") = "visitor", "visitor.csproj", "{F7D830C0-C995-4D9C-A95B-29C2EEB4CEC6}"
EndProject
Global
	GlobalSection(SolutionConfigurationPlatforms) = preSolution
		Debug|Any CPU = Debug|Any CPU
		Release|Any CPU = Release|Any CPU
	EndGlobalSection
	GlobalSection(ProjectConfigurationPlatforms) = postSolution
		{F7D830C0-C995-4D9C-A95B-29C2EEB4CEC6}.Debug|Any CPU.ActiveCfg = Debug|Any CPU
		{F7D830C0-C995-4D9C-A95B-29C2EEB4CEC6}.Debug|Any CPU.Build.0 = Debug|Any CPU
		{F7D830C0-C995-4D9C-A95B-29C2EEB4CEC6}.Release|Any CPU.ActiveCfg = Release|Any CPU
		{F7D830C0-C995-4D9C-A95B-29C2EEB4CEC6}.Release|Any CPU.Build.0 = Release|Any CPU
	EndGlobalSection
	GlobalSection(SolutionProperties) = preSolution
		HideSolutionNode = FALSE
	EndGlobalSection
	GlobalSection(ExtensibilityGlobals) = postSolution
		SolutionGuid = {48209DAC-72BF-4006-B800-704B3E35A946}
	EndGlobalSection
EndGlobal
