
Microsoft Visual Studio Solution File, Format Version 12.00
# Visual Studio 15
VisualStudioVersion = 15.0.28307.1831
MinimumVisualStudioVersion = 10.0.40219.1
Project("{FAE04EC0-301F-11D3-BF4B-00C04F79EFBC}") = "ConsoleApp1", "ConsoleApp1\ConsoleApp1.csproj", "{1C9E67D5-C9A9-4910-8B3C-4F653D02E80F}"
EndProject
Global
	GlobalSection(SolutionConfigurationPlatforms) = preSolution
		Debug|Any CPU = Debug|Any CPU
		Release|Any CPU = Release|Any CPU
	EndGlobalSection
	GlobalSection(ProjectConfigurationPlatforms) = postSolution
		{1C9E67D5-C9A9-4910-8B3C-4F653D02E80F}.Debug|Any CPU.ActiveCfg = Debug|Any CPU
		{1C9E67D5-C9A9-4910-8B3C-4F653D02E80F}.Debug|Any CPU.Build.0 = Debug|Any CPU
		{1C9E67D5-C9A9-4910-8B3C-4F653D02E80F}.Release|Any CPU.ActiveCfg = Release|Any CPU
		{1C9E67D5-C9A9-4910-8B3C-4F653D02E80F}.Release|Any CPU.Build.0 = Release|Any CPU
	EndGlobalSection
	GlobalSection(SolutionProperties) = preSolution
		HideSolutionNode = FALSE
	EndGlobalSection
	GlobalSection(ExtensibilityGlobals) = postSolution
		SolutionGuid = {AF92C804-56CB-49B3-9F58-2B7EA2775AA4}
	EndGlobalSection
EndGlobal
